
Microsoft Visual Studio Solution File, Format Version 12.00
# Visual Studio Version 16
VisualStudioVersion = 16.0.29609.76
MinimumVisualStudioVersion = 10.0.40219.1
Project("{888888A0-9F3D-457C-B088-3A5042F75D52}") = "gong-family-site", "gong-family-site.pyproj", "{D7A22BB7-E054-4EE0-B4C6-FD4CA7AD709A}"
EndProject
Global
	GlobalSection(SolutionConfigurationPlatforms) = preSolution
		Debug|Any CPU = Debug|Any CPU
		Release|Any CPU = Release|Any CPU
	EndGlobalSection
	GlobalSection(ProjectConfigurationPlatforms) = postSolution
		{D7A22BB7-E054-4EE0-B4C6-FD4CA7AD709A}.Debug|Any CPU.ActiveCfg = Debug|Any CPU
		{D7A22BB7-E054-4EE0-B4C6-FD4CA7AD709A}.Debug|Any CPU.Build.0 = Debug|Any CPU
		{D7A22BB7-E054-4EE0-B4C6-FD4CA7AD709A}.Release|Any CPU.ActiveCfg = Release|Any CPU
		{D7A22BB7-E054-4EE0-B4C6-FD4CA7AD709A}.Release|Any CPU.Build.0 = Release|Any CPU
	EndGlobalSection
	GlobalSection(SolutionProperties) = preSolution
		HideSolutionNode = FALSE
	EndGlobalSection
	GlobalSection(ExtensibilityGlobals) = postSolution
		SolutionGuid = {982D3307-3CEA-41E0-9E43-9794E170CEA8}
	EndGlobalSection
EndGlobal
